
Microsoft Visual Studio Solution File, Format Version 12.00
# Visual Studio 15
VisualStudioVersion = 15.0.27004.2002
MinimumVisualStudioVersion = 10.0.40219.1
Project("{FAE04EC0-301F-11D3-BF4B-00C04F79EFBC}") = "ConsoleAppGit", "ConsoleAppGit\ConsoleAppGit.csproj", "{FBDCB0E8-5A4E-4F92-9E21-F1425DED699F}"
EndProject
Global
	GlobalSection(SolutionConfigurationPlatforms) = preSolution
		Debug|Any CPU = Debug|Any CPU
		Release|Any CPU = Release|Any CPU
	EndGlobalSection
	GlobalSection(ProjectConfigurationPlatforms) = postSolution
		{FBDCB0E8-5A4E-4F92-9E21-F1425DED699F}.Debug|Any CPU.ActiveCfg = Debug|Any CPU
		{FBDCB0E8-5A4E-4F92-9E21-F1425DED699F}.Debug|Any CPU.Build.0 = Debug|Any CPU
		{FBDCB0E8-5A4E-4F92-9E21-F1425DED699F}.Release|Any CPU.ActiveCfg = Release|Any CPU
		{FBDCB0E8-5A4E-4F92-9E21-F1425DED699F}.Release|Any CPU.Build.0 = Release|Any CPU
	EndGlobalSection
	GlobalSection(SolutionProperties) = preSolution
		HideSolutionNode = FALSE
	EndGlobalSection
	GlobalSection(ExtensibilityGlobals) = postSolution
		SolutionGuid = {D40D04AD-3623-4C7E-9C44-57291476B1E6}
	EndGlobalSection
EndGlobal
